
Microsoft Visual Studio Solution File, Format Version 12.00
# Visual Studio Version 16
VisualStudioVersion = 16.0.30711.63
MinimumVisualStudioVersion = 10.0.40219.1
Project("{FAE04EC0-301F-11D3-BF4B-00C04F79EFBC}") = "ElasticsearchCSVLoadExample", "ElasticsearchCSVLoadExample\ElasticsearchCSVLoadExample.csproj", "{9AD4F1B7-2484-492F-8B1F-946820C5E662}"
EndProject
Global
	GlobalSection(SolutionConfigurationPlatforms) = preSolution
		Debug|Any CPU = Debug|Any CPU
		Release|Any CPU = Release|Any CPU
	EndGlobalSection
	GlobalSection(ProjectConfigurationPlatforms) = postSolution
		{9AD4F1B7-2484-492F-8B1F-946820C5E662}.Debug|Any CPU.ActiveCfg = Debug|Any CPU
		{9AD4F1B7-2484-492F-8B1F-946820C5E662}.Debug|Any CPU.Build.0 = Debug|Any CPU
		{9AD4F1B7-2484-492F-8B1F-946820C5E662}.Release|Any CPU.ActiveCfg = Release|Any CPU
		{9AD4F1B7-2484-492F-8B1F-946820C5E662}.Release|Any CPU.Build.0 = Release|Any CPU
	EndGlobalSection
	GlobalSection(SolutionProperties) = preSolution
		HideSolutionNode = FALSE
	EndGlobalSection
	GlobalSection(ExtensibilityGlobals) = postSolution
		SolutionGuid = {1FCFE080-92F8-4097-BD16-F0FAFE09A5F3}
	EndGlobalSection
EndGlobal
